// !$*UTF8*$!
{
	archiveVersion = 1;
	classes = {
	};
	objectVersion = 46;
	objects = {

/* Begin PBXBuildFile section */
		3614FC621A8BA7BB0047E0D4 /* main.m in Sources */ = {isa = PBXBuildFile; fileRef = 3614FC611A8BA7BB0047E0D4 /* main.m */; };
		363E1ABE1A8BB45E000DA365 /* ExecuteProgram.m in Sources */ = {isa = PBXBuildFile; fileRef = 363E1ABD1A8BB45E000DA365 /* ExecuteProgram.m */; };
		363E1AC11A8BB5E7000DA365 /* FISDeck.m in Sources */ = {isa = PBXBuildFile; fileRef = 363E1AC01A8BB5E7000DA365 /* FISDeck.m */; };
		363E1AC41A8BB62F000DA365 /* FISCard.m in Sources */ = {isa = PBXBuildFile; fileRef = 363E1AC31A8BB62F000DA365 /* FISCard.m */; };
		363E1AC71A8BB664000DA365 /* FISBlackjackGame.m in Sources */ = {isa = PBXBuildFile; fileRef = 363E1AC61A8BB664000DA365 /* FISBlackjackGame.m */; };
		363E1ACA1A8BB6B0000DA365 /* FISPlayingCardDeck.m in Sources */ = {isa = PBXBuildFile; fileRef = 363E1AC91A8BB6B0000DA365 /* FISPlayingCardDeck.m */; };
/* End PBXBuildFile section */

/* Begin PBXCopyFilesBuildPhase section */
		3614FC5C1A8BA7BB0047E0D4 /* CopyFiles */ = {
			isa = PBXCopyFilesBuildPhase;
			buildActionMask = 2147483647;
			dstPath = /usr/share/man/man1/;
			dstSubfolderSpec = 0;
			files = (
			);
			runOnlyForDeploymentPostprocessing = 1;
		};
/* End PBXCopyFilesBuildPhase section */

/* Begin PBXFileReference section */
		3614FC5E1A8BA7BB0047E0D4 /* CommandLineBlackjack */ = {isa = PBXFileReference; explicitFileType = "compiled.mach-o.executable"; includeInIndex = 0; path = CommandLineBlackjack; sourceTree = BUILT_PRODUCTS_DIR; };
		3614FC611A8BA7BB0047E0D4 /* main.m */ = {isa = PBXFileReference; lastKnownFileType = sourcecode.c.objc; path = main.m; sourceTree = "<group>"; };
		363E1ABC1A8BB45E000DA365 /* ExecuteProgram.h */ = {isa = PBXFileReference; fileEncoding = 4; lastKnownFileType = sourcecode.c.h; path = ExecuteProgram.h; sourceTree = "<group>"; };
		363E1ABD1A8BB45E000DA365 /* ExecuteProgram.m */ = {isa = PBXFileReference; fileEncoding = 4; lastKnownFileType = sourcecode.c.objc; path = ExecuteProgram.m; sourceTree = "<group>"; };
		363E1ABF1A8BB5E7000DA365 /* FISDeck.h */ = {isa = PBXFileReference; fileEncoding = 4; lastKnownFileType = sourcecode.c.h; path = FISDeck.h; sourceTree = "<group>"; };
		363E1AC01A8BB5E7000DA365 /* FISDeck.m */ = {isa = PBXFileReference; fileEncoding = 4; lastKnownFileType = sourcecode.c.objc; path = FISDeck.m; sourceTree = "<group>"; };
		363E1AC21A8BB62F000DA365 /* FISCard.h */ = {isa = PBXFileReference; fileEncoding = 4; lastKnownFileType = sourcecode.c.h; path = FISCard.h; sourceTree = "<group>"; };
		363E1AC31A8BB62F000DA365 /* FISCard.m */ = {isa = PBXFileReference; fileEncoding = 4; lastKnownFileType = sourcecode.c.objc; path = FISCard.m; sourceTree = "<group>"; };
		363E1AC51A8BB664000DA365 /* FISBlackjackGame.h */ = {isa = PBXFileReference; fileEncoding = 4; lastKnownFileType = sourcecode.c.h; path = FISBlackjackGame.h; sourceTree = "<group>"; };
		363E1AC61A8BB664000DA365 /* FISBlackjackGame.m */ = {isa = PBXFileReference; fileEncoding = 4; lastKnownFileType = sourcecode.c.objc; path = FISBlackjackGame.m; sourceTree = "<group>"; };
		363E1AC81A8BB6B0000DA365 /* FISPlayingCardDeck.h */ = {isa = PBXFileReference; fileEncoding = 4; lastKnownFileType = sourcecode.c.h; path = FISPlayingCardDeck.h; sourceTree = "<group>"; };
		363E1AC91A8BB6B0000DA365 /* FISPlayingCardDeck.m */ = {isa = PBXFileReference; fileEncoding = 4; lastKnownFileType = sourcecode.c.objc; path = FISPlayingCardDeck.m; sourceTree = "<group>"; };
/* End PBXFileReference section */

/* Begin PBXFrameworksBuildPhase section */
		3614FC5B1A8BA7BB0047E0D4 /* Frameworks */ = {
			isa = PBXFrameworksBuildPhase;
			buildActionMask = 2147483647;
			files = (
			);
			runOnlyForDeploymentPostprocessing = 0;
		};
/* End PBXFrameworksBuildPhase section */

/* Begin PBXGroup section */
		3614FC551A8BA7BB0047E0D4 = {
			isa = PBXGroup;
			children = (
				3614FC601A8BA7BB0047E0D4 /* CommandLineBlackjack */,
				3614FC5F1A8BA7BB0047E0D4 /* Products */,
			);
			sourceTree = "<group>";
		};
		3614FC5F1A8BA7BB0047E0D4 /* Products */ = {
			isa = PBXGroup;
			children = (
				3614FC5E1A8BA7BB0047E0D4 /* CommandLineBlackjack */,
			);
			name = Products;
			sourceTree = "<group>";
		};
		3614FC601A8BA7BB0047E0D4 /* CommandLineBlackjack */ = {
			isa = PBXGroup;
			children = (
				3614FC611A8BA7BB0047E0D4 /* main.m */,
				363E1ABC1A8BB45E000DA365 /* ExecuteProgram.h */,
				363E1ABD1A8BB45E000DA365 /* ExecuteProgram.m */,
				363E1ABF1A8BB5E7000DA365 /* FISDeck.h */,
				363E1AC01A8BB5E7000DA365 /* FISDeck.m */,
				363E1AC21A8BB62F000DA365 /* FISCard.h */,
				363E1AC31A8BB62F000DA365 /* FISCard.m */,
				363E1AC51A8BB664000DA365 /* FISBlackjackGame.h */,
				363E1AC61A8BB664000DA365 /* FISBlackjackGame.m */,
				363E1AC81A8BB6B0000DA365 /* FISPlayingCardDeck.h */,
				363E1AC91A8BB6B0000DA365 /* FISPlayingCardDeck.m */,
			);
			path = CommandLineBlackjack;
			sourceTree = "<group>";
		};
/* End PBXGroup section */

/* Begin PBXNativeTarget section */
		3614FC5D1A8BA7BB0047E0D4 /* CommandLineBlackjack */ = {
			isa = PBXNativeTarget;
			buildConfigurationList = 3614FC651A8BA7BB0047E0D4 /* Build configuration list for PBXNativeTarget "CommandLineBlackjack" */;
			buildPhases = (
				3614FC5A1A8BA7BB0047E0D4 /* Sources */,
				3614FC5B1A8BA7BB0047E0D4 /* Frameworks */,
				3614FC5C1A8BA7BB0047E0D4 /* CopyFiles */,
			);
			buildRules = (
			);
			dependencies = (
			);
			name = CommandLineBlackjack;
			productName = CommandLineBlackjack;
			productReference = 3614FC5E1A8BA7BB0047E0D4 /* CommandLineBlackjack */;
			productType = "com.apple.product-type.tool";
		};
/* End PBXNativeTarget section */

/* Begin PBXProject section */
		3614FC561A8BA7BB0047E0D4 /* Project object */ = {
			isa = PBXProject;
			attributes = {
				LastUpgradeCheck = 0610;
				ORGANIZATIONNAME = "Damon Skinner";
				TargetAttributes = {
					3614FC5D1A8BA7BB0047E0D4 = {
						CreatedOnToolsVersion = 6.1.1;
					};
				};
			};
			buildConfigurationList = 3614FC591A8BA7BB0047E0D4 /* Build configuration list for PBXProject "CommandLineBlackjack" */;
			compatibilityVersion = "Xcode 3.2";
			developmentRegion = English;
			hasScannedForEncodings = 0;
			knownRegions = (
				en,
			);
			mainGroup = 3614FC551A8BA7BB0047E0D4;
			productRefGroup = 3614FC5F1A8BA7BB0047E0D4 /* Products */;
			projectDirPath = "";
			projectRoot = "";
			targets = (
				3614FC5D1A8BA7BB0047E0D4 /* CommandLineBlackjack */,
			);
		};
/* End PBXProject section */

/* Begin PBXSourcesBuildPhase section */
		3614FC5A1A8BA7BB0047E0D4 /* Sources */ = {
			isa = PBXSourcesBuildPhase;
			buildActionMask = 2147483647;
			files = (
				363E1AC41A8BB62F000DA365 /* FISCard.m in Sources */,
				363E1ABE1A8BB45E000DA365 /* ExecuteProgram.m in Sources */,
				3614FC621A8BA7BB0047E0D4 /* main.m in Sources */,
				363E1AC11A8BB5E7000DA365 /* FISDeck.m in Sources */,
				363E1ACA1A8BB6B0000DA365 /* FISPlayingCardDeck.m in Sources */,
				363E1AC71A8BB664000DA365 /* FISBlackjackGame.m in Sources */,
			);
			runOnlyForDeploymentPostprocessing = 0;
		};
/* End PBXSourcesBuildPhase section */

/* Begin XCBuildConfiguration section */
		3614FC631A8BA7BB0047E0D4 /* Debug */ = {
			isa = XCBuildConfiguration;
			buildSettings = {
				ALWAYS_SEARCH_USER_PATHS = NO;
				CLANG_CXX_LANGUAGE_STANDARD = "gnu++0x";
				CLANG_CXX_LIBRARY = "libc++";
				CLANG_ENABLE_MODULES = YES;
				CLANG_ENABLE_OBJC_ARC = YES;
				CLANG_WARN_BOOL_CONVERSION = YES;
				CLANG_WARN_CONSTANT_CONVERSION = YES;
				CLANG_WARN_DIRECT_OBJC_ISA_USAGE = YES_ERROR;
				CLANG_WARN_EMPTY_BODY = YES;
				CLANG_WARN_ENUM_CONVERSION = YES;
				CLANG_WARN_INT_CONVERSION = YES;
				CLANG_WARN_OBJC_ROOT_CLASS = YES_ERROR;
				CLANG_WARN_UNREACHABLE_CODE = YES;
				CLANG_WARN__DUPLICATE_METHOD_MATCH = YES;
				COPY_PHASE_STRIP = NO;
				ENABLE_STRICT_OBJC_MSGSEND = YES;
				GCC_C_LANGUAGE_STANDARD = gnu99;
				GCC_DYNAMIC_NO_PIC = NO;
				GCC_OPTIMIZATION_LEVEL = 0;
				GCC_PREPROCESSOR_DEFINITIONS = (
					"DEBUG=1",
					"$(inherited)",
				);
				GCC_SYMBOLS_PRIVATE_EXTERN = NO;
				GCC_WARN_64_TO_32_BIT_CONVERSION = YES;
				GCC_WARN_ABOUT_RETURN_TYPE = YES_ERROR;
				GCC_WARN_UNDECLARED_SELECTOR = YES;
				GCC_WARN_UNINITIALIZED_AUTOS = YES_AGGRESSIVE;
				GCC_WARN_UNUSED_FUNCTION = YES;
				GCC_WARN_UNUSED_VARIABLE = YES;
				MACOSX_DEPLOYMENT_TARGET = 10.10;
				MTL_ENABLE_DEBUG_INFO = YES;
				ONLY_ACTIVE_ARCH = YES;
				SDKROOT = macosx;
			};
			name = Debug;
		};
		3614FC641A8BA7BB0047E0D4 /* Release */ = {
			isa = XCBuildConfiguration;
			buildSettings = {
				ALWAYS_SEARCH_USER_PATHS = NO;
				CLANG_CXX_LANGUAGE_STANDARD = "gnu++0x";
				CLANG_CXX_LIBRARY = "libc++";
				CLANG_ENABLE_MODULES = YES;
				CLANG_ENABLE_OBJC_ARC = YES;
				CLANG_WARN_BOOL_CONVERSION = YES;
				CLANG_WARN_CONSTANT_CONVERSION = YES;
				CLANG_WARN_DIRECT_OBJC_ISA_USAGE = YES_ERROR;
				CLANG_WARN_EMPTY_BODY = YES;
				CLANG_WARN_ENUM_CONVERSION = YES;
				CLANG_WARN_INT_CONVERSION = YES;
				CLANG_WARN_OBJC_ROOT_CLASS = YES_ERROR;
				CLANG_WARN_UNREACHABLE_CODE = YES;
				CLANG_WARN__DUPLICATE_METHOD_MATCH = YES;
				COPY_PHASE_STRIP = YES;
				DEBUG_INFORMATION_FORMAT = "dwarf-with-dsym";
				ENABLE_NS_ASSERTIONS = NO;
				ENABLE_STRICT_OBJC_MSGSEND = YES;
				GCC_C_LANGUAGE_STANDARD = gnu99;
				GCC_WARN_64_TO_32_BIT_CONVERSION = YES;
				GCC_WARN_ABOUT_RETURN_TYPE = YES_ERROR;
				GCC_WARN_UNDECLARED_SELECTOR = YES;
				GCC_WARN_UNINITIALIZED_AUTOS = YES_AGGRESSIVE;
				GCC_WARN_UNUSED_FUNCTION = YES;
				GCC_WARN_UNUSED_VARIABLE = YES;
				MACOSX_DEPLOYMENT_TARGET = 10.10;
				MTL_ENABLE_DEBUG_INFO = NO;
				SDKROOT = macosx;
			};
			name = Release;
		};
		3614FC661A8BA7BB0047E0D4 /* Debug */ = {
			isa = XCBuildConfiguration;
			buildSettings = {
				PRODUCT_NAME = "$(TARGET_NAME)";
			};
			name = Debug;
		};
		3614FC671A8BA7BB0047E0D4 /* Release */ = {
			isa = XCBuildConfiguration;
			buildSettings = {
				PRODUCT_NAME = "$(TARGET_NAME)";
			};
			name = Release;
		};
/* End XCBuildConfiguration section */

/* Begin XCConfigurationList section */
		3614FC591A8BA7BB0047E0D4 /* Build configuration list for PBXProject "CommandLineBlackjack" */ = {
			isa = XCConfigurationList;
			buildConfigurations = (
				3614FC631A8BA7BB0047E0D4 /* Debug */,
				3614FC641A8BA7BB0047E0D4 /* Release */,
			);
			defaultConfigurationIsVisible = 0;
			defaultConfigurationName = Release;
		};
		3614FC651A8BA7BB0047E0D4 /* Build configuration list for PBXNativeTarget "CommandLineBlackjack" */ = {
			isa = XCConfigurationList;
			buildConfigurations = (
				3614FC661A8BA7BB0047E0D4 /* Debug */,
				3614FC671A8BA7BB0047E0D4 /* Release */,
			);
			defaultConfigurationIsVisible = 0;
			defaultConfigurationName = Release;
		};
/* End XCConfigurationList section */
	};
	rootObject = 3614FC561A8BA7BB0047E0D4 /* Project object */;
}
